// !$*UTF8*$!
{
	archiveVersion = 1;
	classes = {
	};
	objectVersion = 48;
	objects = {

/* Begin PBXBuildFile section */
		1C067EB9201FFBE00045241B /* AppDelegate.m in Sources */ = {isa = PBXBuildFile; fileRef = 1C067EB8201FFBE00045241B /* AppDelegate.m */; };
		1C067EBC201FFBE00045241B /* ViewController.m in Sources */ = {isa = PBXBuildFile; fileRef = 1C067EBB201FFBE00045241B /* ViewController.m */; };
		1C067EBF201FFBE00045241B /* Main.storyboard in Resources */ = {isa = PBXBuildFile; fileRef = 1C067EBD201FFBE00045241B /* Main.storyboard */; };
		1C067EC1201FFBE00045241B /* Assets.xcassets in Resources */ = {isa = PBXBuildFile; fileRef = 1C067EC0201FFBE00045241B /* Assets.xcassets */; };
		1C067EC4201FFBE00045241B /* LaunchScreen.storyboard in Resources */ = {isa = PBXBuildFile; fileRef = 1C067EC2201FFBE00045241B /* LaunchScreen.storyboard */; };
		1C067EC7201FFBE00045241B /* main.m in Sources */ = {isa = PBXBuildFile; fileRef = 1C067EC6201FFBE00045241B /* main.m */; };
		1C067EEB201FFC880045241B /* OneTimeClass.m in Sources */ = {isa = PBXBuildFile; fileRef = 1C067EEA201FFC880045241B /* OneTimeClass.m */; };
		1C3181D12021F44A00403222 /* SubClass.m in Sources */ = {isa = PBXBuildFile; fileRef = 1C3181D02021F44A00403222 /* SubClass.m */; };
		1C3181D42021F4B700403222 /* OneTimeClass+Add.m in Sources */ = {isa = PBXBuildFile; fileRef = 1C3181D32021F4B700403222 /* OneTimeClass+Add.m */; };
		1DE77CC3236029BD007B2C60 /* RPKeychain.m in Sources */ = {isa = PBXBuildFile; fileRef = 1DE77CC1236029BD007B2C60 /* RPKeychain.m */; };
		1DE77CCD23603139007B2C60 /* DeviceModel.m in Sources */ = {isa = PBXBuildFile; fileRef = 1DE77CCC23603139007B2C60 /* DeviceModel.m */; };
/* End PBXBuildFile section */

/* Begin PBXFileReference section */
		1C067EB4201FFBE00045241B /* OneTimeDemo.app */ = {isa = PBXFileReference; explicitFileType = wrapper.application; includeInIndex = 0; path = OneTimeDemo.app; sourceTree = BUILT_PRODUCTS_DIR; };
		1C067EB7201FFBE00045241B /* AppDelegate.h */ = {isa = PBXFileReference; lastKnownFileType = sourcecode.c.h; path = AppDelegate.h; sourceTree = "<group>"; };
		1C067EB8201FFBE00045241B /* AppDelegate.m */ = {isa = PBXFileReference; lastKnownFileType = sourcecode.c.objc; path = AppDelegate.m; sourceTree = "<group>"; };
		1C067EBA201FFBE00045241B /* ViewController.h */ = {isa = PBXFileReference; lastKnownFileType = sourcecode.c.h; path = ViewController.h; sourceTree = "<group>"; };
		1C067EBB201FFBE00045241B /* ViewController.m */ = {isa = PBXFileReference; lastKnownFileType = sourcecode.c.objc; path = ViewController.m; sourceTree = "<group>"; };
		1C067EBE201FFBE00045241B /* Base */ = {isa = PBXFileReference; lastKnownFileType = file.storyboard; name = Base; path = Base.lproj/Main.storyboard; sourceTree = "<group>"; };
		1C067EC0201FFBE00045241B /* Assets.xcassets */ = {isa = PBXFileReference; lastKnownFileType = folder.assetcatalog; path = Assets.xcassets; sourceTree = "<group>"; };
		1C067EC3201FFBE00045241B /* Base */ = {isa = PBXFileReference; lastKnownFileType = file.storyboard; name = Base; path = Base.lproj/LaunchScreen.storyboard; sourceTree = "<group>"; };
		1C067EC5201FFBE00045241B /* Info.plist */ = {isa = PBXFileReference; lastKnownFileType = text.plist.xml; path = Info.plist; sourceTree = "<group>"; };
		1C067EC6201FFBE00045241B /* main.m */ = {isa = PBXFileReference; lastKnownFileType = sourcecode.c.objc; path = main.m; sourceTree = "<group>"; };
		1C067ED0201FFBE00045241B /* OneTimeDemoTests.m */ = {isa = PBXFileReference; lastKnownFileType = sourcecode.c.objc; path = OneTimeDemoTests.m; sourceTree = "<group>"; };
		1C067ED2201FFBE00045241B /* Info.plist */ = {isa = PBXFileReference; lastKnownFileType = text.plist.xml; path = Info.plist; sourceTree = "<group>"; };
		1C067EDB201FFBE00045241B /* OneTimeDemoUITests.m */ = {isa = PBXFileReference; lastKnownFileType = sourcecode.c.objc; path = OneTimeDemoUITests.m; sourceTree = "<group>"; };
		1C067EDD201FFBE00045241B /* Info.plist */ = {isa = PBXFileReference; lastKnownFileType = text.plist.xml; path = Info.plist; sourceTree = "<group>"; };
		1C067EE9201FFC880045241B /* OneTimeClass.h */ = {isa = PBXFileReference; lastKnownFileType = sourcecode.c.h; path = OneTimeClass.h; sourceTree = "<group>"; };
		1C067EEA201FFC880045241B /* OneTimeClass.m */ = {isa = PBXFileReference; lastKnownFileType = sourcecode.c.objc; path = OneTimeClass.m; sourceTree = "<group>"; };
		1C3181CF2021F44A00403222 /* SubClass.h */ = {isa = PBXFileReference; lastKnownFileType = sourcecode.c.h; path = SubClass.h; sourceTree = "<group>"; };
		1C3181D02021F44A00403222 /* SubClass.m */ = {isa = PBXFileReference; lastKnownFileType = sourcecode.c.objc; path = SubClass.m; sourceTree = "<group>"; };
		1C3181D22021F4B700403222 /* OneTimeClass+Add.h */ = {isa = PBXFileReference; lastKnownFileType = sourcecode.c.h; path = "OneTimeClass+Add.h"; sourceTree = "<group>"; };
		1C3181D32021F4B700403222 /* OneTimeClass+Add.m */ = {isa = PBXFileReference; lastKnownFileType = sourcecode.c.objc; path = "OneTimeClass+Add.m"; sourceTree = "<group>"; };
		1DE77CBF236029BD007B2C60 /* RPKeychain.h */ = {isa = PBXFileReference; fileEncoding = 4; lastKnownFileType = sourcecode.c.h; path = RPKeychain.h; sourceTree = "<group>"; };
		1DE77CC1236029BD007B2C60 /* RPKeychain.m */ = {isa = PBXFileReference; fileEncoding = 4; lastKnownFileType = sourcecode.c.objc; path = RPKeychain.m; sourceTree = "<group>"; };
		1DE77CCB23603139007B2C60 /* DeviceModel.h */ = {isa = PBXFileReference; lastKnownFileType = sourcecode.c.h; path = DeviceModel.h; sourceTree = "<group>"; };
		1DE77CCC23603139007B2C60 /* DeviceModel.m */ = {isa = PBXFileReference; lastKnownFileType = sourcecode.c.objc; path = DeviceModel.m; sourceTree = "<group>"; };
/* End PBXFileReference section */

/* Begin PBXFrameworksBuildPhase section */
		1C067EB1201FFBE00045241B /* Frameworks */ = {
			isa = PBXFrameworksBuildPhase;
			buildActionMask = 2147483647;
			files = (
			);
			runOnlyForDeploymentPostprocessing = 0;
		};
/* End PBXFrameworksBuildPhase section */

/* Begin PBXGroup section */
		1C067EAB201FFBE00045241B = {
			isa = PBXGroup;
			children = (
				1C067EB6201FFBE00045241B /* OneTimeDemo */,
				1C067ECF201FFBE00045241B /* OneTimeDemoTests */,
				1C067EDA201FFBE00045241B /* OneTimeDemoUITests */,
				1C067EB5201FFBE00045241B /* Products */,
			);
			sourceTree = "<group>";
		};
		1C067EB5201FFBE00045241B /* Products */ = {
			isa = PBXGroup;
			children = (
				1C067EB4201FFBE00045241B /* OneTimeDemo.app */,
			);
			name = Products;
			sourceTree = "<group>";
		};
		1C067EB6201FFBE00045241B /* OneTimeDemo */ = {
			isa = PBXGroup;
			children = (
				1DE77CBD23602997007B2C60 /* RPKeychain */,
				1DE77CBC2360296B007B2C60 /* single */,
				1C067EB7201FFBE00045241B /* AppDelegate.h */,
				1C067EB8201FFBE00045241B /* AppDelegate.m */,
				1C067EBA201FFBE00045241B /* ViewController.h */,
				1C067EBB201FFBE00045241B /* ViewController.m */,
				1C067EBD201FFBE00045241B /* Main.storyboard */,
				1C067EC0201FFBE00045241B /* Assets.xcassets */,
				1C067EC2201FFBE00045241B /* LaunchScreen.storyboard */,
				1C067EC5201FFBE00045241B /* Info.plist */,
				1C067EC6201FFBE00045241B /* main.m */,
			);
			path = OneTimeDemo;
			sourceTree = "<group>";
		};
		1C067ECF201FFBE00045241B /* OneTimeDemoTests */ = {
			isa = PBXGroup;
			children = (
				1C067ED0201FFBE00045241B /* OneTimeDemoTests.m */,
				1C067ED2201FFBE00045241B /* Info.plist */,
			);
			path = OneTimeDemoTests;
			sourceTree = "<group>";
		};
		1C067EDA201FFBE00045241B /* OneTimeDemoUITests */ = {
			isa = PBXGroup;
			children = (
				1C067EDB201FFBE00045241B /* OneTimeDemoUITests.m */,
				1C067EDD201FFBE00045241B /* Info.plist */,
			);
			path = OneTimeDemoUITests;
			sourceTree = "<group>";
		};
		1DE77CBC2360296B007B2C60 /* single */ = {
			isa = PBXGroup;
			children = (
				1C067EE9201FFC880045241B /* OneTimeClass.h */,
				1C067EEA201FFC880045241B /* OneTimeClass.m */,
				1C3181CF2021F44A00403222 /* SubClass.h */,
				1C3181D02021F44A00403222 /* SubClass.m */,
				1C3181D22021F4B700403222 /* OneTimeClass+Add.h */,
				1C3181D32021F4B700403222 /* OneTimeClass+Add.m */,
			);
			path = single;
			sourceTree = "<group>";
		};
		1DE77CBD23602997007B2C60 /* RPKeychain */ = {
			isa = PBXGroup;
			children = (
				1DE77CBF236029BD007B2C60 /* RPKeychain.h */,
				1DE77CC1236029BD007B2C60 /* RPKeychain.m */,
				1DE77CCB23603139007B2C60 /* DeviceModel.h */,
				1DE77CCC23603139007B2C60 /* DeviceModel.m */,
			);
			path = RPKeychain;
			sourceTree = "<group>";
		};
/* End PBXGroup section */

/* Begin PBXNativeTarget section */
		1C067EB3201FFBE00045241B /* OneTimeDemo */ = {
			isa = PBXNativeTarget;
			buildConfigurationList = 1C067EE0201FFBE00045241B /* Build configuration list for PBXNativeTarget "OneTimeDemo" */;
			buildPhases = (
				1C067EB0201FFBE00045241B /* Sources */,
				1C067EB1201FFBE00045241B /* Frameworks */,
				1C067EB2201FFBE00045241B /* Resources */,
			);
			buildRules = (
			);
			dependencies = (
			);
			name = OneTimeDemo;
			productName = OneTimeDemo;
			productReference = 1C067EB4201FFBE00045241B /* OneTimeDemo.app */;
			productType = "com.apple.product-type.application";
		};
/* End PBXNativeTarget section */

/* Begin PBXProject section */
		1C067EAC201FFBE00045241B /* Project object */ = {
			isa = PBXProject;
			attributes = {
				LastUpgradeCheck = 0920;
				ORGANIZATIONNAME = "兰州北科维拓科技股份有限公司";
				TargetAttributes = {
					1C067EB3201FFBE00045241B = {
						CreatedOnToolsVersion = 9.2;
						ProvisioningStyle = Automatic;
					};
				};
			};
			buildConfigurationList = 1C067EAF201FFBE00045241B /* Build configuration list for PBXProject "OneTimeDemo" */;
			compatibilityVersion = "Xcode 8.0";
			developmentRegion = en;
			hasScannedForEncodings = 0;
			knownRegions = (
				en,
				Base,
			);
			mainGroup = 1C067EAB201FFBE00045241B;
			productRefGroup = 1C067EB5201FFBE00045241B /* Products */;
			projectDirPath = "";
			projectRoot = "";
			targets = (
				1C067EB3201FFBE00045241B /* OneTimeDemo */,
			);
		};
/* End PBXProject section */

/* Begin PBXResourcesBuildPhase section */
		1C067EB2201FFBE00045241B /* Resources */ = {
			isa = PBXResourcesBuildPhase;
			buildActionMask = 2147483647;
			files = (
				1C067EC4201FFBE00045241B /* LaunchScreen.storyboard in Resources */,
				1C067EC1201FFBE00045241B /* Assets.xcassets in Resources */,
				1C067EBF201FFBE00045241B /* Main.storyboard in Resources */,
			);
			runOnlyForDeploymentPostprocessing = 0;
		};
/* End PBXResourcesBuildPhase section */

/* Begin PBXSourcesBuildPhase section */
		1C067EB0201FFBE00045241B /* Sources */ = {
			isa = PBXSourcesBuildPhase;
			buildActionMask = 2147483647;
			files = (
				1C067EEB201FFC880045241B /* OneTimeClass.m in Sources */,
				1DE77CCD23603139007B2C60 /* DeviceModel.m in Sources */,
				1C3181D12021F44A00403222 /* SubClass.m in Sources */,
				1C3181D42021F4B700403222 /* OneTimeClass+Add.m in Sources */,
				1C067EBC201FFBE00045241B /* ViewController.m in Sources */,
				1DE77CC3236029BD007B2C60 /* RPKeychain.m in Sources */,
				1C067EC7201FFBE00045241B /* main.m in Sources */,
				1C067EB9201FFBE00045241B /* AppDelegate.m in Sources */,
			);
			runOnlyForDeploymentPostprocessing = 0;
		};
/* End PBXSourcesBuildPhase section */

/* Begin PBXVariantGroup section */
		1C067EBD201FFBE00045241B /* Main.storyboard */ = {
			isa = PBXVariantGroup;
			children = (
				1C067EBE201FFBE00045241B /* Base */,
			);
			name = Main.storyboard;
			sourceTree = "<group>";
		};
		1C067EC2201FFBE00045241B /* LaunchScreen.storyboard */ = {
			isa = PBXVariantGroup;
			children = (
				1C067EC3201FFBE00045241B /* Base */,
			);
			name = LaunchScreen.storyboard;
			sourceTree = "<group>";
		};
/* End PBXVariantGroup section */

/* Begin XCBuildConfiguration section */
		1C067EDE201FFBE00045241B /* Debug */ = {
			isa = XCBuildConfiguration;
			buildSettings = {
				ALWAYS_SEARCH_USER_PATHS = NO;
				CLANG_ANALYZER_NONNULL = YES;
				CLANG_ANALYZER_NUMBER_OBJECT_CONVERSION = YES_AGGRESSIVE;
				CLANG_CXX_LANGUAGE_STANDARD = "gnu++14";
				CLANG_CXX_LIBRARY = "libc++";
				CLANG_ENABLE_MODULES = YES;
				CLANG_ENABLE_OBJC_ARC = YES;
				CLANG_WARN_BLOCK_CAPTURE_AUTORELEASING = YES;
				CLANG_WARN_BOOL_CONVERSION = YES;
				CLANG_WARN_COMMA = YES;
				CLANG_WARN_CONSTANT_CONVERSION = YES;
				CLANG_WARN_DIRECT_OBJC_ISA_USAGE = YES_ERROR;
				CLANG_WARN_DOCUMENTATION_COMMENTS = YES;
				CLANG_WARN_EMPTY_BODY = YES;
				CLANG_WARN_ENUM_CONVERSION = YES;
				CLANG_WARN_INFINITE_RECURSION = YES;
				CLANG_WARN_INT_CONVERSION = YES;
				CLANG_WARN_NON_LITERAL_NULL_CONVERSION = YES;
				CLANG_WARN_OBJC_LITERAL_CONVERSION = YES;
				CLANG_WARN_OBJC_ROOT_CLASS = YES_ERROR;
				CLANG_WARN_RANGE_LOOP_ANALYSIS = YES;
				CLANG_WARN_STRICT_PROTOTYPES = YES;
				CLANG_WARN_SUSPICIOUS_MOVE = YES;
				CLANG_WARN_UNGUARDED_AVAILABILITY = YES_AGGRESSIVE;
				CLANG_WARN_UNREACHABLE_CODE = YES;
				CLANG_WARN__DUPLICATE_METHOD_MATCH = YES;
				CODE_SIGN_IDENTITY = "iPhone Developer";
				COPY_PHASE_STRIP = NO;
				DEBUG_INFORMATION_FORMAT = dwarf;
				ENABLE_STRICT_OBJC_MSGSEND = YES;
				ENABLE_TESTABILITY = YES;
				GCC_C_LANGUAGE_STANDARD = gnu11;
				GCC_DYNAMIC_NO_PIC = NO;
				GCC_NO_COMMON_BLOCKS = YES;
				GCC_OPTIMIZATION_LEVEL = 0;
				GCC_PREPROCESSOR_DEFINITIONS = (
					"DEBUG=1",
					"$(inherited)",
				);
				GCC_WARN_64_TO_32_BIT_CONVERSION = YES;
				GCC_WARN_ABOUT_RETURN_TYPE = YES_ERROR;
				GCC_WARN_UNDECLARED_SELECTOR = YES;
				GCC_WARN_UNINITIALIZED_AUTOS = YES_AGGRESSIVE;
				GCC_WARN_UNUSED_FUNCTION = YES;
				GCC_WARN_UNUSED_VARIABLE = YES;
				IPHONEOS_DEPLOYMENT_TARGET = 11.2;
				MTL_ENABLE_DEBUG_INFO = YES;
				ONLY_ACTIVE_ARCH = YES;
				SDKROOT = iphoneos;
			};
			name = Debug;
		};
		1C067EDF201FFBE00045241B /* Release */ = {
			isa = XCBuildConfiguration;
			buildSettings = {
				ALWAYS_SEARCH_USER_PATHS = NO;
				CLANG_ANALYZER_NONNULL = YES;
				CLANG_ANALYZER_NUMBER_OBJECT_CONVERSION = YES_AGGRESSIVE;
				CLANG_CXX_LANGUAGE_STANDARD = "gnu++14";
				CLANG_CXX_LIBRARY = "libc++";
				CLANG_ENABLE_MODULES = YES;
				CLANG_ENABLE_OBJC_ARC = YES;
				CLANG_WARN_BLOCK_CAPTURE_AUTORELEASING = YES;
				CLANG_WARN_BOOL_CONVERSION = YES;
				CLANG_WARN_COMMA = YES;
				CLANG_WARN_CONSTANT_CONVERSION = YES;
				CLANG_WARN_DIRECT_OBJC_ISA_USAGE = YES_ERROR;
				CLANG_WARN_DOCUMENTATION_COMMENTS = YES;
				CLANG_WARN_EMPTY_BODY = YES;
				CLANG_WARN_ENUM_CONVERSION = YES;
				CLANG_WARN_INFINITE_RECURSION = YES;
				CLANG_WARN_INT_CONVERSION = YES;
				CLANG_WARN_NON_LITERAL_NULL_CONVERSION = YES;
				CLANG_WARN_OBJC_LITERAL_CONVERSION = YES;
				CLANG_WARN_OBJC_ROOT_CLASS = YES_ERROR;
				CLANG_WARN_RANGE_LOOP_ANALYSIS = YES;
				CLANG_WARN_STRICT_PROTOTYPES = YES;
				CLANG_WARN_SUSPICIOUS_MOVE = YES;
				CLANG_WARN_UNGUARDED_AVAILABILITY = YES_AGGRESSIVE;
				CLANG_WARN_UNREACHABLE_CODE = YES;
				CLANG_WARN__DUPLICATE_METHOD_MATCH = YES;
				CODE_SIGN_IDENTITY = "iPhone Developer";
				COPY_PHASE_STRIP = NO;
				DEBUG_INFORMATION_FORMAT = "dwarf-with-dsym";
				ENABLE_NS_ASSERTIONS = NO;
				ENABLE_STRICT_OBJC_MSGSEND = YES;
				GCC_C_LANGUAGE_STANDARD = gnu11;
				GCC_NO_COMMON_BLOCKS = YES;
				GCC_WARN_64_TO_32_BIT_CONVERSION = YES;
				GCC_WARN_ABOUT_RETURN_TYPE = YES_ERROR;
				GCC_WARN_UNDECLARED_SELECTOR = YES;
				GCC_WARN_UNINITIALIZED_AUTOS = YES_AGGRESSIVE;
				GCC_WARN_UNUSED_FUNCTION = YES;
				GCC_WARN_UNUSED_VARIABLE = YES;
				IPHONEOS_DEPLOYMENT_TARGET = 11.2;
				MTL_ENABLE_DEBUG_INFO = NO;
				SDKROOT = iphoneos;
				VALIDATE_PRODUCT = YES;
			};
			name = Release;
		};
		1C067EE1201FFBE00045241B /* Debug */ = {
			isa = XCBuildConfiguration;
			buildSettings = {
				ASSETCATALOG_COMPILER_APPICON_NAME = AppIcon;
				CODE_SIGN_STYLE = Automatic;
				DEVELOPMENT_TEAM = PNQSRNMX9W;
				INFOPLIST_FILE = OneTimeDemo/Info.plist;
				LD_RUNPATH_SEARCH_PATHS = "$(inherited) @executable_path/Frameworks";
				PRODUCT_BUNDLE_IDENTIFIER = "---rp.wang.OneTimeDemo";
				PRODUCT_NAME = "$(TARGET_NAME)";
				TARGETED_DEVICE_FAMILY = "1,2";
			};
			name = Debug;
		};
		1C067EE2201FFBE00045241B /* Release */ = {
			isa = XCBuildConfiguration;
			buildSettings = {
				ASSETCATALOG_COMPILER_APPICON_NAME = AppIcon;
				CODE_SIGN_STYLE = Automatic;
				DEVELOPMENT_TEAM = PNQSRNMX9W;
				INFOPLIST_FILE = OneTimeDemo/Info.plist;
				LD_RUNPATH_SEARCH_PATHS = "$(inherited) @executable_path/Frameworks";
				PRODUCT_BUNDLE_IDENTIFIER = "---rp.wang.OneTimeDemo";
				PRODUCT_NAME = "$(TARGET_NAME)";
				TARGETED_DEVICE_FAMILY = "1,2";
			};
			name = Release;
		};
/* End XCBuildConfiguration section */

/* Begin XCConfigurationList section */
		1C067EAF201FFBE00045241B /* Build configuration list for PBXProject "OneTimeDemo" */ = {
			isa = XCConfigurationList;
			buildConfigurations = (
				1C067EDE201FFBE00045241B /* Debug */,
				1C067EDF201FFBE00045241B /* Release */,
			);
			defaultConfigurationIsVisible = 0;
			defaultConfigurationName = Release;
		};
		1C067EE0201FFBE00045241B /* Build configuration list for PBXNativeTarget "OneTimeDemo" */ = {
			isa = XCConfigurationList;
			buildConfigurations = (
				1C067EE1201FFBE00045241B /* Debug */,
				1C067EE2201FFBE00045241B /* Release */,
			);
			defaultConfigurationIsVisible = 0;
			defaultConfigurationName = Release;
		};
/* End XCConfigurationList section */
	};
	rootObject = 1C067EAC201FFBE00045241B /* Project object */;
}
